
Microsoft Visual Studio Solution File, Format Version 12.00
# Visual Studio Version 17
VisualStudioVersion = 17.1.32210.238
MinimumVisualStudioVersion = 10.0.40219.1
Project("{2150E333-8FDC-42A3-9474-1A3956D46DE8}") = "Documents", "Documents", "{3E22E7E5-FC32-4C63-B96C-0DADF3584FCE}"
	ProjectSection(SolutionItems) = preProject
		AS - Personal Profile Web Site.docx = AS - Personal Profile Web Site.docx
		README.md = README.md
	EndProjectSection
EndProject
Project("{2150E333-8FDC-42A3-9474-1A3956D46DE8}") = "Framework", "Framework", "{3742CE0B-7C93-4373-A2D8-BFC91C6A708A}"
EndProject
Project("{2150E333-8FDC-42A3-9474-1A3956D46DE8}") = "Microservices", "Microservices", "{68649AED-0E18-4253-A6BA-F3AC6ECC66BD}"
EndProject
Project("{2150E333-8FDC-42A3-9474-1A3956D46DE8}") = "App", "App", "{C56883D2-B8DB-49EE-8247-69EF56D2A760}"
EndProject
Project("{2150E333-8FDC-42A3-9474-1A3956D46DE8}") = "Application", "Application", "{FCFEBBEC-1151-41DF-BDB3-815FAC5148D0}"
EndProject
Project("{2150E333-8FDC-42A3-9474-1A3956D46DE8}") = "Core", "Core", "{3E59328F-1D24-40B6-8256-E60A12171B15}"
EndProject
Project("{2150E333-8FDC-42A3-9474-1A3956D46DE8}") = "Domain", "Domain", "{73F659FF-A728-4B35-A823-9E9E42B3F340}"
EndProject
Project("{2150E333-8FDC-42A3-9474-1A3956D46DE8}") = "Persistence", "Persistence", "{F61038FD-0CDD-4025-B4E2-3575E8753706}"
EndProject
Project("{2150E333-8FDC-42A3-9474-1A3956D46DE8}") = "Resources", "Resources", "{18A757EE-3DB4-4991-95B3-8E3FBF629FFF}"
EndProject
Project("{2150E333-8FDC-42A3-9474-1A3956D46DE8}") = "PersonalProfile", "PersonalProfile", "{625690BE-320B-48FF-8508-DE96B4CAA907}"
EndProject
Project("{9A19103F-16F7-4668-BE54-9A1E7A4F7556}") = "PersonalProfileDomain", "PersonalProfileDomain\PersonalProfileDomain.csproj", "{DBE6C562-8D48-4E15-A3F3-12F6607D837D}"
EndProject
Project("{9A19103F-16F7-4668-BE54-9A1E7A4F7556}") = "PersonalProfileApp", "PersonalProfileApp\PersonalProfileApp.csproj", "{3463D2D7-50D7-438C-A29D-11B0CA122492}"
EndProject
Project("{9A19103F-16F7-4668-BE54-9A1E7A4F7556}") = "PersonalProfileApplication", "PersonalProfileApplication\PersonalProfileApplication.csproj", "{764EE574-345E-4098-B513-704287210450}"
EndProject
Project("{9A19103F-16F7-4668-BE54-9A1E7A4F7556}") = "Dtx", "Dtx\Dtx.csproj", "{5267FD42-134E-4F54-91AE-4939B98A565F}"
EndProject
Project("{9A19103F-16F7-4668-BE54-9A1E7A4F7556}") = "PersonalProfilePersistence", "PersonalProjectPersistence\PersonalProfilePersistence.csproj", "{D66DC25B-FCAA-4AA4-87C4-E68A8A390507}"
EndProject
Project("{9A19103F-16F7-4668-BE54-9A1E7A4F7556}") = "PersonalProfileCore", "PersonalProfileCore\PersonalProfileCore.csproj", "{78C41B4D-DD1E-44E0-AC9D-199653270076}"
EndProject
Project("{9A19103F-16F7-4668-BE54-9A1E7A4F7556}") = "Dtx.Logging", "Dtx.Logging\Dtx.Logging.csproj", "{14EC7942-6157-4AB4-9210-3B6C3A922858}"
EndProject
Project("{9A19103F-16F7-4668-BE54-9A1E7A4F7556}") = "PersonalProfileResources", "PersonalProfileResources\PersonalProfileResources.csproj", "{722D5227-6270-4361-B707-1C21A64871B3}"
EndProject
Global
	GlobalSection(SolutionConfigurationPlatforms) = preSolution
		Debug|Any CPU = Debug|Any CPU
		Release|Any CPU = Release|Any CPU
	EndGlobalSection
	GlobalSection(ProjectConfigurationPlatforms) = postSolution
		{DBE6C562-8D48-4E15-A3F3-12F6607D837D}.Debug|Any CPU.ActiveCfg = Debug|Any CPU
		{DBE6C562-8D48-4E15-A3F3-12F6607D837D}.Debug|Any CPU.Build.0 = Debug|Any CPU
		{DBE6C562-8D48-4E15-A3F3-12F6607D837D}.Release|Any CPU.ActiveCfg = Release|Any CPU
		{DBE6C562-8D48-4E15-A3F3-12F6607D837D}.Release|Any CPU.Build.0 = Release|Any CPU
		{3463D2D7-50D7-438C-A29D-11B0CA122492}.Debug|Any CPU.ActiveCfg = Debug|Any CPU
		{3463D2D7-50D7-438C-A29D-11B0CA122492}.Debug|Any CPU.Build.0 = Debug|Any CPU
		{3463D2D7-50D7-438C-A29D-11B0CA122492}.Release|Any CPU.ActiveCfg = Release|Any CPU
		{3463D2D7-50D7-438C-A29D-11B0CA122492}.Release|Any CPU.Build.0 = Release|Any CPU
		{764EE574-345E-4098-B513-704287210450}.Debug|Any CPU.ActiveCfg = Debug|Any CPU
		{764EE574-345E-4098-B513-704287210450}.Debug|Any CPU.Build.0 = Debug|Any CPU
		{764EE574-345E-4098-B513-704287210450}.Release|Any CPU.ActiveCfg = Release|Any CPU
		{764EE574-345E-4098-B513-704287210450}.Release|Any CPU.Build.0 = Release|Any CPU
		{5267FD42-134E-4F54-91AE-4939B98A565F}.Debug|Any CPU.ActiveCfg = Debug|Any CPU
		{5267FD42-134E-4F54-91AE-4939B98A565F}.Debug|Any CPU.Build.0 = Debug|Any CPU
		{5267FD42-134E-4F54-91AE-4939B98A565F}.Release|Any CPU.ActiveCfg = Release|Any CPU
		{5267FD42-134E-4F54-91AE-4939B98A565F}.Release|Any CPU.Build.0 = Release|Any CPU
		{D66DC25B-FCAA-4AA4-87C4-E68A8A390507}.Debug|Any CPU.ActiveCfg = Debug|Any CPU
		{D66DC25B-FCAA-4AA4-87C4-E68A8A390507}.Debug|Any CPU.Build.0 = Debug|Any CPU
		{D66DC25B-FCAA-4AA4-87C4-E68A8A390507}.Release|Any CPU.ActiveCfg = Release|Any CPU
		{D66DC25B-FCAA-4AA4-87C4-E68A8A390507}.Release|Any CPU.Build.0 = Release|Any CPU
		{78C41B4D-DD1E-44E0-AC9D-199653270076}.Debug|Any CPU.ActiveCfg = Debug|Any CPU
		{78C41B4D-DD1E-44E0-AC9D-199653270076}.Debug|Any CPU.Build.0 = Debug|Any CPU
		{78C41B4D-DD1E-44E0-AC9D-199653270076}.Release|Any CPU.ActiveCfg = Release|Any CPU
		{78C41B4D-DD1E-44E0-AC9D-199653270076}.Release|Any CPU.Build.0 = Release|Any CPU
		{14EC7942-6157-4AB4-9210-3B6C3A922858}.Debug|Any CPU.ActiveCfg = Debug|Any CPU
		{14EC7942-6157-4AB4-9210-3B6C3A922858}.Debug|Any CPU.Build.0 = Debug|Any CPU
		{14EC7942-6157-4AB4-9210-3B6C3A922858}.Release|Any CPU.ActiveCfg = Release|Any CPU
		{14EC7942-6157-4AB4-9210-3B6C3A922858}.Release|Any CPU.Build.0 = Release|Any CPU
		{722D5227-6270-4361-B707-1C21A64871B3}.Debug|Any CPU.ActiveCfg = Debug|Any CPU
		{722D5227-6270-4361-B707-1C21A64871B3}.Debug|Any CPU.Build.0 = Debug|Any CPU
		{722D5227-6270-4361-B707-1C21A64871B3}.Release|Any CPU.ActiveCfg = Release|Any CPU
		{722D5227-6270-4361-B707-1C21A64871B3}.Release|Any CPU.Build.0 = Release|Any CPU
	EndGlobalSection
	GlobalSection(SolutionProperties) = preSolution
		HideSolutionNode = FALSE
	EndGlobalSection
	GlobalSection(NestedProjects) = preSolution
		{C56883D2-B8DB-49EE-8247-69EF56D2A760} = {625690BE-320B-48FF-8508-DE96B4CAA907}
		{FCFEBBEC-1151-41DF-BDB3-815FAC5148D0} = {625690BE-320B-48FF-8508-DE96B4CAA907}
		{3E59328F-1D24-40B6-8256-E60A12171B15} = {625690BE-320B-48FF-8508-DE96B4CAA907}
		{73F659FF-A728-4B35-A823-9E9E42B3F340} = {625690BE-320B-48FF-8508-DE96B4CAA907}
		{F61038FD-0CDD-4025-B4E2-3575E8753706} = {625690BE-320B-48FF-8508-DE96B4CAA907}
		{18A757EE-3DB4-4991-95B3-8E3FBF629FFF} = {625690BE-320B-48FF-8508-DE96B4CAA907}
		{DBE6C562-8D48-4E15-A3F3-12F6607D837D} = {73F659FF-A728-4B35-A823-9E9E42B3F340}
		{3463D2D7-50D7-438C-A29D-11B0CA122492} = {C56883D2-B8DB-49EE-8247-69EF56D2A760}
		{764EE574-345E-4098-B513-704287210450} = {FCFEBBEC-1151-41DF-BDB3-815FAC5148D0}
		{5267FD42-134E-4F54-91AE-4939B98A565F} = {3742CE0B-7C93-4373-A2D8-BFC91C6A708A}
		{D66DC25B-FCAA-4AA4-87C4-E68A8A390507} = {F61038FD-0CDD-4025-B4E2-3575E8753706}
		{78C41B4D-DD1E-44E0-AC9D-199653270076} = {3E59328F-1D24-40B6-8256-E60A12171B15}
		{14EC7942-6157-4AB4-9210-3B6C3A922858} = {3742CE0B-7C93-4373-A2D8-BFC91C6A708A}
		{722D5227-6270-4361-B707-1C21A64871B3} = {18A757EE-3DB4-4991-95B3-8E3FBF629FFF}
	EndGlobalSection
	GlobalSection(ExtensibilityGlobals) = postSolution
		SolutionGuid = {85A2E64B-FE36-4AC0-BEA2-BA7A65638544}
	EndGlobalSection
EndGlobal
